{
    "_readme": [
        "This file locks the dependencies of your project to a known state",
        "Read more about it at http://getcomposer.org/doc/01-basic-usage.md#composer-lock-the-lock-file"
    ],
    "hash": "ede74631c4c5805c53c519281f7fa582",
    "packages": [
        {
            "name": "cultuurnet/cdb",
            "version": "2.x-dev",
            "source": {
                "type": "git",
                "url": "https://github.com/cultuurnet/Cdb.git",
                "reference": "ab5bfe0231497d6935f9c32634b789f0211b76f7"
            },
            "dist": {
                "type": "zip",
                "url": "https://api.github.com/repos/cultuurnet/Cdb/zipball/ab5bfe0231497d6935f9c32634b789f0211b76f7",
                "reference": "ab5bfe0231497d6935f9c32634b789f0211b76f7",
                "shasum": ""
            },
            "type": "library",
            "extra": {
                "branch-alias": {
                    "dev-master": "1.0.x-dev"
                }
            },
            "autoload": {
                "psr-0": {
                    "CultureFeed_Cdb_": [
                        "lib"
                    ]
                }
            },
            "notification-url": "https://packagist.org/downloads/",
            "license": [
                "Apache-2.0"
            ],
            "description": "PHP library for hydrating/manipulating CultuurNet's Cdb XML documents",
            "time": "2013-11-24 21:46:58"
        }
    ],
    "packages-dev": [

    ],
    "aliases": [

    ],
    "minimum-stability": "dev",
    "stability-flags": {
        "cultuurnet/cdb": 20
    },
    "platform": [

    ],
    "platform-dev": [

    ]
}
