{
    "_readme": [
        "This file locks the dependencies of your project to a known state",
        "Read more about it at http://getcomposer.org/doc/01-basic-usage.md#composer-lock-the-lock-file",
        "This file is @generated automatically"
    ],
    "hash": "36a4eb83748a513ea7a832e9e6a88ccd",
    "packages": [
        {
            "name": "cultuurnet/auth",
            "version": "dev-master",
            "source": {
                "type": "git",
                "url": "https://github.com/cultuurnet/Auth.git",
                "reference": "e11fdd0ac0f7e1f16b7cb86e8deeed16bf5b6830"
            },
            "dist": {
                "type": "zip",
                "url": "https://api.github.com/repos/cultuurnet/Auth/zipball/e11fdd0ac0f7e1f16b7cb86e8deeed16bf5b6830",
                "reference": "e11fdd0ac0f7e1f16b7cb86e8deeed16bf5b6830",
                "shasum": ""
            },
            "require": {
                "guzzle/http": "3.1.*",
                "guzzle/plugin-cookie": "3.1.*",
                "guzzle/plugin-log": "3.1.*",
                "guzzle/plugin-oauth": "3.1.*",
                "justinrainbow/json-schema": "1.3.*",
                "php": ">=5.3.0",
                "symfony/console": "2.2.*"
            },
            "bin": [
                "bin/cultuurnet-auth"
            ],
            "type": "library",
            "extra": {
                "branch-alias": {
                    "dev-master": "1.0.x-dev"
                }
            },
            "autoload": {
                "psr-0": {
                    "CultuurNet\\Auth": [
                        "lib"
                    ]
                }
            },
            "notification-url": "https://packagist.org/downloads/",
            "license": [
                "Apache-2.0"
            ],
            "description": "Authentication service for CultuurNet web services",
            "time": "2013-09-11 00:04:56"
        },
        {
            "name": "cultuurnet/cdb",
            "version": "dev-master",
            "source": {
                "type": "git",
                "url": "https://github.com/cultuurnet/Cdb.git",
                "reference": "e547c9e6937f7ae77f1abd94d8f996839c682101"
            },
            "dist": {
                "type": "zip",
                "url": "https://api.github.com/repos/cultuurnet/Cdb/zipball/e547c9e6937f7ae77f1abd94d8f996839c682101",
                "reference": "e547c9e6937f7ae77f1abd94d8f996839c682101",
                "shasum": ""
            },
            "type": "library",
            "extra": {
                "branch-alias": {
                    "dev-release/2.x": "2.x-dev"
                }
            },
            "autoload": {
                "psr-0": {
                    "CultureFeed_Cdb_": [
                        "lib"
                    ]
                }
            },
            "notification-url": "https://packagist.org/downloads/",
            "license": [
                "Apache-2.0"
            ],
            "description": "PHP library for hydrating/manipulating CultuurNet's Cdb XML documents",
            "time": "2014-03-24 15:53:14"
        },
        {
            "name": "cultuurnet/search",
            "version": "dev-master",
            "source": {
                "type": "git",
                "url": "https://github.com/cultuurnet/Search.git",
                "reference": "ae61a6879cbe988de479f29720cb6ef6154654e9"
            },
            "dist": {
                "type": "zip",
                "url": "https://api.github.com/repos/cultuurnet/Search/zipball/ae61a6879cbe988de479f29720cb6ef6154654e9",
                "reference": "ae61a6879cbe988de479f29720cb6ef6154654e9",
                "shasum": ""
            },
            "require": {
                "cultuurnet/auth": "1.0.*@dev",
                "cultuurnet/cdb": "master@dev",
                "guzzle/http": "3.1.*",
                "guzzle/plugin-oauth": "3.1.*",
                "php": ">=5.3.0",
                "symfony/console": "2.2.*@dev"
            },
            "bin": [
                "bin/cultuurnet-search"
            ],
            "type": "library",
            "extra": {
                "branch-alias": {
                    "dev-master": "1.0.x-dev"
                }
            },
            "autoload": {
                "psr-0": {
                    "CultuurNet\\Search": [
                        "lib"
                    ]
                }
            },
            "notification-url": "https://packagist.org/downloads/",
            "license": [
                "Apache-2.0"
            ],
            "description": "CultuurNet search service",
            "time": "2014-10-03 12:28:08"
        },
        {
            "name": "guzzle/common",
            "version": "v3.1.2",
            "target-dir": "Guzzle/Common",
            "source": {
                "type": "git",
                "url": "https://github.com/guzzle/common.git",
                "reference": "b3d8253413b4cbcf6c223b1570eb3646047fd31a"
            },
            "dist": {
                "type": "zip",
                "url": "https://api.github.com/repos/guzzle/common/zipball/b3d8253413b4cbcf6c223b1570eb3646047fd31a",
                "reference": "b3d8253413b4cbcf6c223b1570eb3646047fd31a",
                "shasum": ""
            },
            "require": {
                "php": ">=5.3.2",
                "symfony/event-dispatcher": ">=2.1"
            },
            "type": "library",
            "extra": {
                "branch-alias": {
                    "dev-master": "3.0-dev"
                }
            },
            "autoload": {
                "psr-0": {
                    "Guzzle\\Common": ""
                }
            },
            "notification-url": "https://packagist.org/downloads/",
            "license": [
                "MIT"
            ],
            "description": "Common libraries used by Guzzle",
            "homepage": "http://guzzlephp.org/",
            "keywords": [
                "collection",
                "common",
                "event",
                "exception"
            ],
            "time": "2013-01-28 00:07:40"
        },
        {
            "name": "guzzle/http",
            "version": "v3.1.2",
            "target-dir": "Guzzle/Http",
            "source": {
                "type": "git",
                "url": "https://github.com/guzzle/http.git",
                "reference": "deaea3aa4e03bae2541117b8fd3d66838f9bc42c"
            },
            "dist": {
                "type": "zip",
                "url": "https://api.github.com/repos/guzzle/http/zipball/deaea3aa4e03bae2541117b8fd3d66838f9bc42c",
                "reference": "deaea3aa4e03bae2541117b8fd3d66838f9bc42c",
                "shasum": ""
            },
            "require": {
                "guzzle/common": "self.version",
                "guzzle/parser": "self.version",
                "guzzle/stream": "self.version",
                "php": ">=5.3.2"
            },
            "suggest": {
                "ext-curl": "*"
            },
            "type": "library",
            "extra": {
                "branch-alias": {
                    "dev-master": "3.0-dev"
                }
            },
            "autoload": {
                "psr-0": {
                    "Guzzle\\Http": ""
                }
            },
            "notification-url": "https://packagist.org/downloads/",
            "license": [
                "MIT"
            ],
            "authors": [
                {
                    "name": "Michael Dowling",
                    "email": "mtdowling@gmail.com",
                    "homepage": "https://github.com/mtdowling"
                }
            ],
            "description": "HTTP libraries used by Guzzle",
            "homepage": "http://guzzlephp.org/",
            "keywords": [
                "Guzzle",
                "client",
                "curl",
                "http",
                "http client"
            ],
            "time": "2013-01-26 08:20:43"
        },
        {
            "name": "guzzle/log",
            "version": "v3.1.2",
            "target-dir": "Guzzle/Log",
            "source": {
                "type": "git",
                "url": "https://github.com/guzzle/log.git",
                "reference": "31da1c019dac8465f5c6e7d4a2ecf7bed986f67f"
            },
            "dist": {
                "type": "zip",
                "url": "https://api.github.com/repos/guzzle/log/zipball/31da1c019dac8465f5c6e7d4a2ecf7bed986f67f",
                "reference": "31da1c019dac8465f5c6e7d4a2ecf7bed986f67f",
                "shasum": ""
            },
            "require": {
                "php": ">=5.3.2"
            },
            "suggest": {
                "guzzle/http": "v3.1.2"
            },
            "type": "library",
            "extra": {
                "branch-alias": {
                    "dev-master": "3.0-dev"
                }
            },
            "autoload": {
                "psr-0": {
                    "Guzzle\\Log": ""
                }
            },
            "notification-url": "https://packagist.org/downloads/",
            "license": [
                "MIT"
            ],
            "authors": [
                {
                    "name": "Michael Dowling",
                    "email": "mtdowling@gmail.com",
                    "homepage": "https://github.com/mtdowling"
                }
            ],
            "description": "Guzzle log adapter component",
            "homepage": "http://guzzlephp.org/",
            "keywords": [
                "Guzzle",
                "adapter",
                "log"
            ],
            "time": "2012-12-07 16:45:11"
        },
        {
            "name": "guzzle/parser",
            "version": "v3.1.2",
            "target-dir": "Guzzle/Parser",
            "source": {
                "type": "git",
                "url": "https://github.com/guzzle/parser.git",
                "reference": "b3145907487c43a5b1ae3070c1daff804e47f86d"
            },
            "dist": {
                "type": "zip",
                "url": "https://api.github.com/repos/guzzle/parser/zipball/b3145907487c43a5b1ae3070c1daff804e47f86d",
                "reference": "b3145907487c43a5b1ae3070c1daff804e47f86d",
                "shasum": ""
            },
            "require": {
                "php": ">=5.3.2"
            },
            "type": "library",
            "extra": {
                "branch-alias": {
                    "dev-master": "3.0-dev"
                }
            },
            "autoload": {
                "psr-0": {
                    "Guzzle\\Parser": ""
                }
            },
            "notification-url": "https://packagist.org/downloads/",
            "license": [
                "MIT"
            ],
            "description": "Interchangeable parsers used by Guzzle",
            "homepage": "http://guzzlephp.org/",
            "keywords": [
                "URI Template",
                "cookie",
                "http",
                "message",
                "url"
            ],
            "time": "2013-01-12 21:43:21"
        },
        {
            "name": "guzzle/plugin-cookie",
            "version": "v3.1.2",
            "target-dir": "Guzzle/Plugin/Cookie",
            "source": {
                "type": "git",
                "url": "https://github.com/guzzle/plugin-cookie.git",
                "reference": "eb10db730281d58a480c566cc3edc7889b24aef1"
            },
            "dist": {
                "type": "zip",
                "url": "https://api.github.com/repos/guzzle/plugin-cookie/zipball/eb10db730281d58a480c566cc3edc7889b24aef1",
                "reference": "eb10db730281d58a480c566cc3edc7889b24aef1",
                "shasum": ""
            },
            "require": {
                "guzzle/http": "self.version",
                "php": ">=5.3.2"
            },
            "type": "library",
            "extra": {
                "branch-alias": {
                    "dev-master": "3.0-dev"
                }
            },
            "autoload": {
                "psr-0": {
                    "Guzzle\\Plugin\\Cookie": ""
                }
            },
            "notification-url": "https://packagist.org/downloads/",
            "license": [
                "MIT"
            ],
            "authors": [
                {
                    "name": "Michael Dowling",
                    "email": "mtdowling@gmail.com",
                    "homepage": "https://github.com/mtdowling"
                }
            ],
            "description": "Guzzle cookie plugin",
            "homepage": "http://guzzlephp.org/",
            "keywords": [
                "Guzzle",
                "plugin"
            ],
            "time": "2012-12-07 16:45:11"
        },
        {
            "name": "guzzle/plugin-log",
            "version": "v3.1.2",
            "target-dir": "Guzzle/Plugin/Log",
            "source": {
                "type": "git",
                "url": "https://github.com/guzzle/plugin-log.git",
                "reference": "12166004672f41c1e6d777e7c1b514422eeafa6a"
            },
            "dist": {
                "type": "zip",
                "url": "https://api.github.com/repos/guzzle/plugin-log/zipball/12166004672f41c1e6d777e7c1b514422eeafa6a",
                "reference": "12166004672f41c1e6d777e7c1b514422eeafa6a",
                "shasum": ""
            },
            "require": {
                "guzzle/http": "self.version",
                "guzzle/log": "self.version",
                "php": ">=5.3.2"
            },
            "type": "library",
            "extra": {
                "branch-alias": {
                    "dev-master": "3.0-dev"
                }
            },
            "autoload": {
                "psr-0": {
                    "Guzzle\\Plugin\\Log": ""
                }
            },
            "notification-url": "https://packagist.org/downloads/",
            "license": [
                "MIT"
            ],
            "authors": [
                {
                    "name": "Michael Dowling",
                    "email": "mtdowling@gmail.com",
                    "homepage": "https://github.com/mtdowling"
                }
            ],
            "description": "Guzzle log plugin for over the wire logging",
            "homepage": "http://guzzlephp.org/",
            "keywords": [
                "Guzzle",
                "log",
                "plugin"
            ],
            "time": "2013-01-13 05:09:32"
        },
        {
            "name": "guzzle/plugin-oauth",
            "version": "v3.1.2",
            "target-dir": "Guzzle/Plugin/Oauth",
            "source": {
                "type": "git",
                "url": "https://github.com/guzzle/plugin-oauth.git",
                "reference": "e2b7c6b2153deb7d837618a0e69ff53a3e6bc9d0"
            },
            "dist": {
                "type": "zip",
                "url": "https://api.github.com/repos/guzzle/plugin-oauth/zipball/e2b7c6b2153deb7d837618a0e69ff53a3e6bc9d0",
                "reference": "e2b7c6b2153deb7d837618a0e69ff53a3e6bc9d0",
                "shasum": ""
            },
            "require": {
                "guzzle/http": "self.version",
                "php": ">=5.3.2"
            },
            "type": "library",
            "extra": {
                "branch-alias": {
                    "dev-master": "3.0-dev"
                }
            },
            "autoload": {
                "psr-0": {
                    "Guzzle\\Plugin\\Oauth": ""
                }
            },
            "notification-url": "https://packagist.org/downloads/",
            "license": [
                "MIT"
            ],
            "authors": [
                {
                    "name": "Michael Dowling",
                    "email": "mtdowling@gmail.com",
                    "homepage": "https://github.com/mtdowling"
                }
            ],
            "description": "Guzzle OAuth plugin",
            "homepage": "http://guzzlephp.org/",
            "keywords": [
                "Guzzle",
                "oauth",
                "plugin"
            ],
            "time": "2012-12-07 16:45:11"
        },
        {
            "name": "guzzle/stream",
            "version": "v3.1.2",
            "target-dir": "Guzzle/Stream",
            "source": {
                "type": "git",
                "url": "https://github.com/guzzle/stream.git",
                "reference": "c499757c760159188a9573362b8086ef25e6734e"
            },
            "dist": {
                "type": "zip",
                "url": "https://api.github.com/repos/guzzle/stream/zipball/c499757c760159188a9573362b8086ef25e6734e",
                "reference": "c499757c760159188a9573362b8086ef25e6734e",
                "shasum": ""
            },
            "require": {
                "guzzle/common": "self.version",
                "php": ">=5.3.2"
            },
            "type": "library",
            "extra": {
                "branch-alias": {
                    "dev-master": "3.0-dev"
                }
            },
            "autoload": {
                "psr-0": {
                    "Guzzle\\Stream": ""
                }
            },
            "notification-url": "https://packagist.org/downloads/",
            "license": [
                "MIT"
            ],
            "authors": [
                {
                    "name": "Michael Dowling",
                    "email": "mtdowling@gmail.com",
                    "homepage": "https://github.com/mtdowling"
                }
            ],
            "description": "Guzzle stream wrapper component",
            "homepage": "http://guzzlephp.org/",
            "keywords": [
                "Guzzle",
                "component",
                "stream"
            ],
            "time": "2012-12-07 16:45:11"
        },
        {
            "name": "justinrainbow/json-schema",
            "version": "1.3.7",
            "source": {
                "type": "git",
                "url": "https://github.com/justinrainbow/json-schema.git",
                "reference": "87b54b460febed69726c781ab67462084e97a105"
            },
            "dist": {
                "type": "zip",
                "url": "https://api.github.com/repos/justinrainbow/json-schema/zipball/87b54b460febed69726c781ab67462084e97a105",
                "reference": "87b54b460febed69726c781ab67462084e97a105",
                "shasum": ""
            },
            "require": {
                "php": ">=5.3.0"
            },
            "require-dev": {
                "json-schema/json-schema-test-suite": "1.1.0",
                "phpdocumentor/phpdocumentor": "~2",
                "phpunit/phpunit": "~3.7"
            },
            "bin": [
                "bin/validate-json"
            ],
            "type": "library",
            "extra": {
                "branch-alias": {
                    "dev-master": "1.4.x-dev"
                }
            },
            "autoload": {
                "psr-0": {
                    "JsonSchema": "src/"
                }
            },
            "notification-url": "https://packagist.org/downloads/",
            "license": [
                "BSD-3-Clause"
            ],
            "authors": [
                {
                    "name": "Bruno Prieto Reis",
                    "email": "bruno.p.reis@gmail.com"
                },
                {
                    "name": "Justin Rainbow",
                    "email": "justin.rainbow@gmail.com"
                },
                {
                    "name": "Igor Wiedler",
                    "email": "igor@wiedler.ch"
                },
                {
                    "name": "Robert Schönthal",
                    "email": "seroscho@googlemail.com"
                }
            ],
            "description": "A library to validate a json schema.",
            "homepage": "https://github.com/justinrainbow/json-schema",
            "keywords": [
                "json",
                "schema"
            ],
            "time": "2014-08-25 02:48:14"
        },
        {
            "name": "symfony/console",
            "version": "2.2.x-dev",
            "target-dir": "Symfony/Component/Console",
            "source": {
                "type": "git",
                "url": "https://github.com/symfony/Console.git",
                "reference": "89e82ad2d09ce753359efc942ce6309053023c47"
            },
            "dist": {
                "type": "zip",
                "url": "https://api.github.com/repos/symfony/Console/zipball/89e82ad2d09ce753359efc942ce6309053023c47",
                "reference": "89e82ad2d09ce753359efc942ce6309053023c47",
                "shasum": ""
            },
            "require": {
                "php": ">=5.3.3"
            },
            "type": "library",
            "extra": {
                "branch-alias": {
                    "dev-master": "2.2-dev"
                }
            },
            "autoload": {
                "psr-0": {
                    "Symfony\\Component\\Console\\": ""
                }
            },
            "notification-url": "https://packagist.org/downloads/",
            "license": [
                "MIT"
            ],
            "authors": [
                {
                    "name": "Fabien Potencier",
                    "email": "fabien@symfony.com",
                    "homepage": "http://fabien.potencier.org",
                    "role": "Lead Developer"
                },
                {
                    "name": "Symfony Community",
                    "homepage": "http://symfony.com/contributors"
                }
            ],
            "description": "Symfony Console Component",
            "homepage": "http://symfony.com",
            "time": "2013-11-25 08:44:14"
        },
        {
            "name": "symfony/event-dispatcher",
            "version": "dev-master",
            "target-dir": "Symfony/Component/EventDispatcher",
            "source": {
                "type": "git",
                "url": "https://github.com/symfony/EventDispatcher.git",
                "reference": "e133748fd9165e24f8e9498ef5862f8bd37004e5"
            },
            "dist": {
                "type": "zip",
                "url": "https://api.github.com/repos/symfony/EventDispatcher/zipball/e133748fd9165e24f8e9498ef5862f8bd37004e5",
                "reference": "e133748fd9165e24f8e9498ef5862f8bd37004e5",
                "shasum": ""
            },
            "require": {
                "php": ">=5.3.3"
            },
            "require-dev": {
                "psr/log": "~1.0",
                "symfony/config": "~2.0",
                "symfony/dependency-injection": "~2.6",
                "symfony/expression-language": "~2.6",
                "symfony/stopwatch": "~2.2"
            },
            "suggest": {
                "symfony/dependency-injection": "",
                "symfony/http-kernel": ""
            },
            "type": "library",
            "extra": {
                "branch-alias": {
                    "dev-master": "2.6-dev"
                }
            },
            "autoload": {
                "psr-0": {
                    "Symfony\\Component\\EventDispatcher\\": ""
                }
            },
            "notification-url": "https://packagist.org/downloads/",
            "license": [
                "MIT"
            ],
            "authors": [
                {
                    "name": "Symfony Community",
                    "homepage": "http://symfony.com/contributors"
                },
                {
                    "name": "Fabien Potencier",
                    "email": "fabien@symfony.com"
                }
            ],
            "description": "Symfony EventDispatcher Component",
            "homepage": "http://symfony.com",
            "time": "2014-10-04 06:08:58"
        }
    ],
    "packages-dev": [

    ],
    "aliases": [

    ],
    "minimum-stability": "dev",
    "stability-flags": {
        "cultuurnet/cdb": 20,
        "cultuurnet/auth": 20,
        "cultuurnet/search": 20
    },
    "prefer-stable": false,
    "platform": [

    ],
    "platform-dev": [

    ]
}
